
Microsoft Visual Studio Solution File, Format Version 12.00
# Visual Studio Version 16
VisualStudioVersion = 16.0.31729.503
MinimumVisualStudioVersion = 10.0.40219.1
Project("{8BC9CEB8-8B4A-11D0-8D11-00A0C91BC942}") = "6.2(2)", "6.2(2).vcxproj", "{A1576EAC-EAD9-4E0D-A302-17AF015EFE00}"
EndProject
Project("{8BC9CEB8-8B4A-11D0-8D11-00A0C91BC942}") = "UnitTest6", "..\UnitTest6\UnitTest6.vcxproj", "{D97ECA2A-AC56-43ED-AED6-ECEA8A3E7737}"
EndProject
Global
	GlobalSection(SolutionConfigurationPlatforms) = preSolution
		Debug|x64 = Debug|x64
		Debug|x86 = Debug|x86
		Release|x64 = Release|x64
		Release|x86 = Release|x86
	EndGlobalSection
	GlobalSection(ProjectConfigurationPlatforms) = postSolution
		{A1576EAC-EAD9-4E0D-A302-17AF015EFE00}.Debug|x64.ActiveCfg = Debug|x64
		{A1576EAC-EAD9-4E0D-A302-17AF015EFE00}.Debug|x64.Build.0 = Debug|x64
		{A1576EAC-EAD9-4E0D-A302-17AF015EFE00}.Debug|x86.ActiveCfg = Debug|Win32
		{A1576EAC-EAD9-4E0D-A302-17AF015EFE00}.Debug|x86.Build.0 = Debug|Win32
		{A1576EAC-EAD9-4E0D-A302-17AF015EFE00}.Release|x64.ActiveCfg = Release|x64
		{A1576EAC-EAD9-4E0D-A302-17AF015EFE00}.Release|x64.Build.0 = Release|x64
		{A1576EAC-EAD9-4E0D-A302-17AF015EFE00}.Release|x86.ActiveCfg = Release|Win32
		{A1576EAC-EAD9-4E0D-A302-17AF015EFE00}.Release|x86.Build.0 = Release|Win32
		{D97ECA2A-AC56-43ED-AED6-ECEA8A3E7737}.Debug|x64.ActiveCfg = Debug|x64
		{D97ECA2A-AC56-43ED-AED6-ECEA8A3E7737}.Debug|x64.Build.0 = Debug|x64
		{D97ECA2A-AC56-43ED-AED6-ECEA8A3E7737}.Debug|x86.ActiveCfg = Debug|Win32
		{D97ECA2A-AC56-43ED-AED6-ECEA8A3E7737}.Debug|x86.Build.0 = Debug|Win32
		{D97ECA2A-AC56-43ED-AED6-ECEA8A3E7737}.Release|x64.ActiveCfg = Release|x64
		{D97ECA2A-AC56-43ED-AED6-ECEA8A3E7737}.Release|x64.Build.0 = Release|x64
		{D97ECA2A-AC56-43ED-AED6-ECEA8A3E7737}.Release|x86.ActiveCfg = Release|Win32
		{D97ECA2A-AC56-43ED-AED6-ECEA8A3E7737}.Release|x86.Build.0 = Release|Win32
	EndGlobalSection
	GlobalSection(SolutionProperties) = preSolution
		HideSolutionNode = FALSE
	EndGlobalSection
	GlobalSection(ExtensibilityGlobals) = postSolution
		SolutionGuid = {55E3403B-C196-4571-A246-C03207295749}
	EndGlobalSection
EndGlobal
